
Microsoft Visual Studio Solution File, Format Version 12.00
# Visual Studio 15
VisualStudioVersion = 15.0.27130.2010
MinimumVisualStudioVersion = 10.0.40219.1
Project("{9A19103F-16F7-4668-BE54-9A1E7A4F7556}") = "BgCars.Web", "BgCars.Web\BgCars.Web.csproj", "{46205E24-0199-4517-BF7A-E30CBBC17F6F}"
EndProject
Project("{9A19103F-16F7-4668-BE54-9A1E7A4F7556}") = "BgCars.Data", "BgCars.Data\BgCars.Data.csproj", "{C1ACA0D9-28ED-454D-BF36-3288BF280882}"
EndProject
Project("{9A19103F-16F7-4668-BE54-9A1E7A4F7556}") = "BgCars.Common", "BgCars.Common\BgCars.Common.csproj", "{0AA62703-8AD0-430E-9D56-1DBFBEDCDF7E}"
EndProject
Project("{FAE04EC0-301F-11D3-BF4B-00C04F79EFBC}") = "BgCars.Services", "BgCars.Services\BgCars.Services.csproj", "{8908848E-1925-458A-B6A0-279BBAE4E7CF}"
EndProject
Global
	GlobalSection(SolutionConfigurationPlatforms) = preSolution
		Debug|Any CPU = Debug|Any CPU
		Release|Any CPU = Release|Any CPU
	EndGlobalSection
	GlobalSection(ProjectConfigurationPlatforms) = postSolution
		{46205E24-0199-4517-BF7A-E30CBBC17F6F}.Debug|Any CPU.ActiveCfg = Debug|Any CPU
		{46205E24-0199-4517-BF7A-E30CBBC17F6F}.Debug|Any CPU.Build.0 = Debug|Any CPU
		{46205E24-0199-4517-BF7A-E30CBBC17F6F}.Release|Any CPU.ActiveCfg = Release|Any CPU
		{46205E24-0199-4517-BF7A-E30CBBC17F6F}.Release|Any CPU.Build.0 = Release|Any CPU
		{C1ACA0D9-28ED-454D-BF36-3288BF280882}.Debug|Any CPU.ActiveCfg = Debug|Any CPU
		{C1ACA0D9-28ED-454D-BF36-3288BF280882}.Debug|Any CPU.Build.0 = Debug|Any CPU
		{C1ACA0D9-28ED-454D-BF36-3288BF280882}.Release|Any CPU.ActiveCfg = Release|Any CPU
		{C1ACA0D9-28ED-454D-BF36-3288BF280882}.Release|Any CPU.Build.0 = Release|Any CPU
		{0AA62703-8AD0-430E-9D56-1DBFBEDCDF7E}.Debug|Any CPU.ActiveCfg = Debug|Any CPU
		{0AA62703-8AD0-430E-9D56-1DBFBEDCDF7E}.Debug|Any CPU.Build.0 = Debug|Any CPU
		{0AA62703-8AD0-430E-9D56-1DBFBEDCDF7E}.Release|Any CPU.ActiveCfg = Release|Any CPU
		{0AA62703-8AD0-430E-9D56-1DBFBEDCDF7E}.Release|Any CPU.Build.0 = Release|Any CPU
		{8908848E-1925-458A-B6A0-279BBAE4E7CF}.Debug|Any CPU.ActiveCfg = Debug|Any CPU
		{8908848E-1925-458A-B6A0-279BBAE4E7CF}.Debug|Any CPU.Build.0 = Debug|Any CPU
		{8908848E-1925-458A-B6A0-279BBAE4E7CF}.Release|Any CPU.ActiveCfg = Release|Any CPU
		{8908848E-1925-458A-B6A0-279BBAE4E7CF}.Release|Any CPU.Build.0 = Release|Any CPU
	EndGlobalSection
	GlobalSection(SolutionProperties) = preSolution
		HideSolutionNode = FALSE
	EndGlobalSection
	GlobalSection(ExtensibilityGlobals) = postSolution
		SolutionGuid = {A1AEEAB2-8773-4BAC-8197-B5CA21E04BA8}
	EndGlobalSection
EndGlobal
